
Microsoft Visual Studio Solution File, Format Version 12.00
# Visual Studio Version 16
VisualStudioVersion = 16.0.31402.337
MinimumVisualStudioVersion = 10.0.40219.1
Project("{FAE04EC0-301F-11D3-BF4B-00C04F79EFBC}") = "WFVisual", "WFVisual\WFVisual.csproj", "{936FAD14-2EA3-4B5A-979A-4AD90328CCC3}"
EndProject
Global
	GlobalSection(SolutionConfigurationPlatforms) = preSolution
		Debug|Any CPU = Debug|Any CPU
		Release|Any CPU = Release|Any CPU
	EndGlobalSection
	GlobalSection(ProjectConfigurationPlatforms) = postSolution
		{936FAD14-2EA3-4B5A-979A-4AD90328CCC3}.Debug|Any CPU.ActiveCfg = Debug|Any CPU
		{936FAD14-2EA3-4B5A-979A-4AD90328CCC3}.Debug|Any CPU.Build.0 = Debug|Any CPU
		{936FAD14-2EA3-4B5A-979A-4AD90328CCC3}.Release|Any CPU.ActiveCfg = Release|Any CPU
		{936FAD14-2EA3-4B5A-979A-4AD90328CCC3}.Release|Any CPU.Build.0 = Release|Any CPU
	EndGlobalSection
	GlobalSection(SolutionProperties) = preSolution
		HideSolutionNode = FALSE
	EndGlobalSection
	GlobalSection(ExtensibilityGlobals) = postSolution
		SolutionGuid = {6CA5CC5E-462B-4B2B-99D1-F1D1815A7F23}
	EndGlobalSection
EndGlobal
